
Microsoft Visual Studio Solution File, Format Version 11.00
# Visual Studio 2010
Project("{FAE04EC0-301F-11D3-BF4B-00C04F79EFBC}") = "Validation_Controls", "Validation_Controls\Validation_Controls.csproj", "{D246AC2F-B8F0-4DC5-8176-3D5F15F58BF8}"
EndProject
Global
	GlobalSection(SolutionConfigurationPlatforms) = preSolution
		Debug|Any CPU = Debug|Any CPU
		Release|Any CPU = Release|Any CPU
	EndGlobalSection
	GlobalSection(ProjectConfigurationPlatforms) = postSolution
		{D246AC2F-B8F0-4DC5-8176-3D5F15F58BF8}.Debug|Any CPU.ActiveCfg = Debug|Any CPU
		{D246AC2F-B8F0-4DC5-8176-3D5F15F58BF8}.Debug|Any CPU.Build.0 = Debug|Any CPU
		{D246AC2F-B8F0-4DC5-8176-3D5F15F58BF8}.Release|Any CPU.ActiveCfg = Release|Any CPU
		{D246AC2F-B8F0-4DC5-8176-3D5F15F58BF8}.Release|Any CPU.Build.0 = Release|Any CPU
	EndGlobalSection
	GlobalSection(SolutionProperties) = preSolution
		HideSolutionNode = FALSE
	EndGlobalSection
EndGlobal
